
Microsoft Visual Studio Solution File, Format Version 12.00
# Visual Studio Version 17
VisualStudioVersion = 17.11.35303.130
MinimumVisualStudioVersion = 10.0.40219.1
Project("{FAE04EC0-301F-11D3-BF4B-00C04F79EFBC}") = "CsharpExercises", "CsharpExercises.csproj", "{0B64AD8E-0F7F-40A0-8BB0-C1B7969A2A61}"
EndProject
Global
	GlobalSection(SolutionConfigurationPlatforms) = preSolution
		Debug|Any CPU = Debug|Any CPU
		Release|Any CPU = Release|Any CPU
	EndGlobalSection
	GlobalSection(ProjectConfigurationPlatforms) = postSolution
		{0B64AD8E-0F7F-40A0-8BB0-C1B7969A2A61}.Debug|Any CPU.ActiveCfg = Debug|Any CPU
		{0B64AD8E-0F7F-40A0-8BB0-C1B7969A2A61}.Debug|Any CPU.Build.0 = Debug|Any CPU
		{0B64AD8E-0F7F-40A0-8BB0-C1B7969A2A61}.Release|Any CPU.ActiveCfg = Release|Any CPU
		{0B64AD8E-0F7F-40A0-8BB0-C1B7969A2A61}.Release|Any CPU.Build.0 = Release|Any CPU
	EndGlobalSection
	GlobalSection(SolutionProperties) = preSolution
		HideSolutionNode = FALSE
	EndGlobalSection
	GlobalSection(ExtensibilityGlobals) = postSolution
		SolutionGuid = {AC235F6F-045D-4BC2-BB5B-BD3DCE7EEC98}
	EndGlobalSection
EndGlobal
